
Microsoft Visual Studio Solution File, Format Version 12.00
# Visual Studio Version 16
VisualStudioVersion = 16.0.33328.57
MinimumVisualStudioVersion = 10.0.40219.1
Project("{8BC9CEB8-8B4A-11D0-8D11-00A0C91BC942}") = "MyBoost", "MyBoost\MyBoost.vcxproj", "{5FE5578F-0145-4402-B62E-92CB70AEF582}"
EndProject
Project("{8BC9CEB8-8B4A-11D0-8D11-00A0C91BC942}") = "TcpServer", "TcpServer\TcpServer.vcxproj", "{6BD17CF7-4D1D-4E11-B530-338444228338}"
EndProject
Project("{8BC9CEB8-8B4A-11D0-8D11-00A0C91BC942}") = "TcpClient", "TcpClient\TcpClient.vcxproj", "{508DDEE0-D84B-4B70-B776-D7966960B585}"
EndProject
Global
	GlobalSection(SolutionConfigurationPlatforms) = preSolution
		Debug|x64 = Debug|x64
		Debug|x86 = Debug|x86
		Release|x64 = Release|x64
		Release|x86 = Release|x86
	EndGlobalSection
	GlobalSection(ProjectConfigurationPlatforms) = postSolution
		{5FE5578F-0145-4402-B62E-92CB70AEF582}.Debug|x64.ActiveCfg = Debug|x64
		{5FE5578F-0145-4402-B62E-92CB70AEF582}.Debug|x64.Build.0 = Debug|x64
		{5FE5578F-0145-4402-B62E-92CB70AEF582}.Debug|x86.ActiveCfg = Debug|Win32
		{5FE5578F-0145-4402-B62E-92CB70AEF582}.Debug|x86.Build.0 = Debug|Win32
		{5FE5578F-0145-4402-B62E-92CB70AEF582}.Release|x64.ActiveCfg = Release|x64
		{5FE5578F-0145-4402-B62E-92CB70AEF582}.Release|x64.Build.0 = Release|x64
		{5FE5578F-0145-4402-B62E-92CB70AEF582}.Release|x86.ActiveCfg = Release|Win32
		{5FE5578F-0145-4402-B62E-92CB70AEF582}.Release|x86.Build.0 = Release|Win32
		{6BD17CF7-4D1D-4E11-B530-338444228338}.Debug|x64.ActiveCfg = Debug|x64
		{6BD17CF7-4D1D-4E11-B530-338444228338}.Debug|x64.Build.0 = Debug|x64
		{6BD17CF7-4D1D-4E11-B530-338444228338}.Debug|x86.ActiveCfg = Debug|Win32
		{6BD17CF7-4D1D-4E11-B530-338444228338}.Debug|x86.Build.0 = Debug|Win32
		{6BD17CF7-4D1D-4E11-B530-338444228338}.Release|x64.ActiveCfg = Release|x64
		{6BD17CF7-4D1D-4E11-B530-338444228338}.Release|x64.Build.0 = Release|x64
		{6BD17CF7-4D1D-4E11-B530-338444228338}.Release|x86.ActiveCfg = Release|Win32
		{6BD17CF7-4D1D-4E11-B530-338444228338}.Release|x86.Build.0 = Release|Win32
		{508DDEE0-D84B-4B70-B776-D7966960B585}.Debug|x64.ActiveCfg = Debug|x64
		{508DDEE0-D84B-4B70-B776-D7966960B585}.Debug|x64.Build.0 = Debug|x64
		{508DDEE0-D84B-4B70-B776-D7966960B585}.Debug|x86.ActiveCfg = Debug|Win32
		{508DDEE0-D84B-4B70-B776-D7966960B585}.Debug|x86.Build.0 = Debug|Win32
		{508DDEE0-D84B-4B70-B776-D7966960B585}.Release|x64.ActiveCfg = Release|x64
		{508DDEE0-D84B-4B70-B776-D7966960B585}.Release|x64.Build.0 = Release|x64
		{508DDEE0-D84B-4B70-B776-D7966960B585}.Release|x86.ActiveCfg = Release|Win32
		{508DDEE0-D84B-4B70-B776-D7966960B585}.Release|x86.Build.0 = Release|Win32
	EndGlobalSection
	GlobalSection(SolutionProperties) = preSolution
		HideSolutionNode = FALSE
	EndGlobalSection
	GlobalSection(ExtensibilityGlobals) = postSolution
		SolutionGuid = {E98363D1-3F17-47F9-841D-1ACCE7ED56A9}
	EndGlobalSection
EndGlobal
